// !$*UTF8*$!
{
	archiveVersion = 1;
	classes = {
	};
	objectVersion = 46;
	objects = {

/* Begin PBXBuildFile section */
		5F0CAA151F0A0D71006814D7 /* PPBadgeLabel.m in Sources */ = {isa = PBXBuildFile; fileRef = 5F0CAA141F0A0D71006814D7 /* PPBadgeLabel.m */; };
		5F0CAA181F0A0EAC006814D7 /* UIView+PPBadgeView.m in Sources */ = {isa = PBXBuildFile; fileRef = 5F0CAA171F0A0EAC006814D7 /* UIView+PPBadgeView.m */; };
		5F0CAA1B1F0A17A7006814D7 /* UIBarButtonItem+PPBadgeView.m in Sources */ = {isa = PBXBuildFile; fileRef = 5F0CAA1A1F0A17A7006814D7 /* UIBarButtonItem+PPBadgeView.m */; };
		5F0CAA1E1F0A1A05006814D7 /* UITabBarItem+PPBadgeView.m in Sources */ = {isa = PBXBuildFile; fileRef = 5F0CAA1D1F0A1A05006814D7 /* UITabBarItem+PPBadgeView.m */; };
		5F0CAA231F0A38BC006814D7 /* MineViewController.m in Sources */ = {isa = PBXBuildFile; fileRef = 5F0CAA221F0A38BC006814D7 /* MineViewController.m */; };
		5FA003181F0B285C002E41F4 /* Person.m in Sources */ = {isa = PBXBuildFile; fileRef = 5FA003171F0B285C002E41F4 /* Person.m */; };
		5FA0031C1F0B2D06002E41F4 /* UIImage+image.m in Sources */ = {isa = PBXBuildFile; fileRef = 5FA0031B1F0B2D06002E41F4 /* UIImage+image.m */; };
		5FA0031F1F0B2EF7002E41F4 /* NSObject+Property.m in Sources */ = {isa = PBXBuildFile; fileRef = 5FA0031E1F0B2EF7002E41F4 /* NSObject+Property.m */; };
		5FA003211F0B3457002E41F4 /* Property List.plist in Resources */ = {isa = PBXBuildFile; fileRef = 5FA003201F0B3457002E41F4 /* Property List.plist */; };
		5FA003241F0B3803002E41F4 /* NSObject+ModelDic.m in Sources */ = {isa = PBXBuildFile; fileRef = 5FA003231F0B3803002E41F4 /* NSObject+ModelDic.m */; };
		5FA003281F0B3B56002E41F4 /* status.m in Sources */ = {isa = PBXBuildFile; fileRef = 5FA003271F0B3B56002E41F4 /* status.m */; };
		5FA0032B1F0B475A002E41F4 /* user.m in Sources */ = {isa = PBXBuildFile; fileRef = 5FA0032A1F0B475A002E41F4 /* user.m */; };
		5FA0032E1F0B5AD6002E41F4 /* image.m in Sources */ = {isa = PBXBuildFile; fileRef = 5FA0032D1F0B5AD6002E41F4 /* image.m */; };
		5FA003311F0B75D7002E41F4 /* Movie.m in Sources */ = {isa = PBXBuildFile; fileRef = 5FA003301F0B75D7002E41F4 /* Movie.m */; };
		5FEC17121F131C6D006DDFA5 /* CommodityViewController.m in Sources */ = {isa = PBXBuildFile; fileRef = 5FEC17111F131C6D006DDFA5 /* CommodityViewController.m */; };
		5FEC17151F131EBF006DDFA5 /* ShopTableViewController.m in Sources */ = {isa = PBXBuildFile; fileRef = 5FEC17141F131EBF006DDFA5 /* ShopTableViewController.m */; };
		5FEC17181F132682006DDFA5 /* LeftCell.m in Sources */ = {isa = PBXBuildFile; fileRef = 5FEC17171F132682006DDFA5 /* LeftCell.m */; };
		5FEC171B1F132BD2006DDFA5 /* RightCell.m in Sources */ = {isa = PBXBuildFile; fileRef = 5FEC171A1F132BD2006DDFA5 /* RightCell.m */; };
		5FEC171E1F13302E006DDFA5 /* RightHeaderView.m in Sources */ = {isa = PBXBuildFile; fileRef = 5FEC171D1F13302E006DDFA5 /* RightHeaderView.m */; };
		5FEC17231F134BB4006DDFA5 /* liwushuo.json in Resources */ = {isa = PBXBuildFile; fileRef = 5FEC17211F134BB4006DDFA5 /* liwushuo.json */; };
		5FEC17241F134BB4006DDFA5 /* meituan.json in Resources */ = {isa = PBXBuildFile; fileRef = 5FEC17221F134BB4006DDFA5 /* meituan.json */; };
		5FEC17431F134C23006DDFA5 /* NSData+ImageContentType.m in Sources */ = {isa = PBXBuildFile; fileRef = 5FEC17271F134C23006DDFA5 /* NSData+ImageContentType.m */; };
		5FEC17441F134C23006DDFA5 /* SDImageCache.m in Sources */ = {isa = PBXBuildFile; fileRef = 5FEC17291F134C23006DDFA5 /* SDImageCache.m */; };
		5FEC17451F134C23006DDFA5 /* SDWebImageCompat.m in Sources */ = {isa = PBXBuildFile; fileRef = 5FEC172B1F134C23006DDFA5 /* SDWebImageCompat.m */; };
		5FEC17461F134C23006DDFA5 /* SDWebImageDecoder.m in Sources */ = {isa = PBXBuildFile; fileRef = 5FEC172D1F134C23006DDFA5 /* SDWebImageDecoder.m */; };
		5FEC17471F134C23006DDFA5 /* SDWebImageDownloader.m in Sources */ = {isa = PBXBuildFile; fileRef = 5FEC172F1F134C23006DDFA5 /* SDWebImageDownloader.m */; };
		5FEC17481F134C23006DDFA5 /* SDWebImageDownloaderOperation.m in Sources */ = {isa = PBXBuildFile; fileRef = 5FEC17311F134C23006DDFA5 /* SDWebImageDownloaderOperation.m */; };
		5FEC17491F134C23006DDFA5 /* SDWebImageManager.m in Sources */ = {isa = PBXBuildFile; fileRef = 5FEC17331F134C23006DDFA5 /* SDWebImageManager.m */; };
		5FEC174A1F134C23006DDFA5 /* SDWebImagePrefetcher.m in Sources */ = {isa = PBXBuildFile; fileRef = 5FEC17361F134C23006DDFA5 /* SDWebImagePrefetcher.m */; };
		5FEC174B1F134C23006DDFA5 /* UIButton+WebCache.m in Sources */ = {isa = PBXBuildFile; fileRef = 5FEC17381F134C23006DDFA5 /* UIButton+WebCache.m */; };
		5FEC174C1F134C23006DDFA5 /* UIImage+GIF.m in Sources */ = {isa = PBXBuildFile; fileRef = 5FEC173A1F134C23006DDFA5 /* UIImage+GIF.m */; };
		5FEC174D1F134C23006DDFA5 /* UIImage+MultiFormat.m in Sources */ = {isa = PBXBuildFile; fileRef = 5FEC173C1F134C23006DDFA5 /* UIImage+MultiFormat.m */; };
		5FEC174E1F134C23006DDFA5 /* UIImageView+HighlightedWebCache.m in Sources */ = {isa = PBXBuildFile; fileRef = 5FEC173E1F134C23006DDFA5 /* UIImageView+HighlightedWebCache.m */; };
		5FEC174F1F134C23006DDFA5 /* UIImageView+WebCache.m in Sources */ = {isa = PBXBuildFile; fileRef = 5FEC17401F134C23006DDFA5 /* UIImageView+WebCache.m */; };
		5FEC17501F134C23006DDFA5 /* UIView+WebCacheOperation.m in Sources */ = {isa = PBXBuildFile; fileRef = 5FEC17421F134C23006DDFA5 /* UIView+WebCacheOperation.m */; };
		5FEC17531F134C84006DDFA5 /* NSObject+Property2.m in Sources */ = {isa = PBXBuildFile; fileRef = 5FEC17521F134C84006DDFA5 /* NSObject+Property2.m */; };
		5FEC17561F1351F6006DDFA5 /* CategoryModel.m in Sources */ = {isa = PBXBuildFile; fileRef = 5FEC17551F1351F6006DDFA5 /* CategoryModel.m */; };
		5FEC175F1F136A16006DDFA5 /* GiftViewController.m in Sources */ = {isa = PBXBuildFile; fileRef = 5FEC175E1F136A16006DDFA5 /* GiftViewController.m */; };
		5FEC17621F13784E006DDFA5 /* GiftCell.m in Sources */ = {isa = PBXBuildFile; fileRef = 5FEC17611F13784E006DDFA5 /* GiftCell.m */; };
		F9B99FD51F092218008047F4 /* main.m in Sources */ = {isa = PBXBuildFile; fileRef = F9B99FD41F092218008047F4 /* main.m */; };
		F9B99FD81F092218008047F4 /* AppDelegate.m in Sources */ = {isa = PBXBuildFile; fileRef = F9B99FD71F092218008047F4 /* AppDelegate.m */; };
		F9B99FDB1F092218008047F4 /* ViewController.m in Sources */ = {isa = PBXBuildFile; fileRef = F9B99FDA1F092218008047F4 /* ViewController.m */; };
		F9B99FDE1F092218008047F4 /* Main.storyboard in Resources */ = {isa = PBXBuildFile; fileRef = F9B99FDC1F092218008047F4 /* Main.storyboard */; };
		F9B99FE11F09221A008047F4 /* OC_Demo.xcdatamodeld in Sources */ = {isa = PBXBuildFile; fileRef = F9B99FDF1F092219008047F4 /* OC_Demo.xcdatamodeld */; };
		F9B99FE31F09221A008047F4 /* Assets.xcassets in Resources */ = {isa = PBXBuildFile; fileRef = F9B99FE21F09221A008047F4 /* Assets.xcassets */; };
		F9B99FE61F09221A008047F4 /* LaunchScreen.storyboard in Resources */ = {isa = PBXBuildFile; fileRef = F9B99FE41F09221A008047F4 /* LaunchScreen.storyboard */; };
		F9B99FF11F09221A008047F4 /* OC_DemoTests.m in Sources */ = {isa = PBXBuildFile; fileRef = F9B99FF01F09221A008047F4 /* OC_DemoTests.m */; };
		F9B99FFC1F09221A008047F4 /* OC_DemoUITests.m in Sources */ = {isa = PBXBuildFile; fileRef = F9B99FFB1F09221A008047F4 /* OC_DemoUITests.m */; };
		F9B9A0161F0927EF008047F4 /* ESPicPageView.m in Sources */ = {isa = PBXBuildFile; fileRef = F9B9A0151F0927EF008047F4 /* ESPicPageView.m */; };
		F9D9838F1F0938A60041C661 /* HomeNAVController.m in Sources */ = {isa = PBXBuildFile; fileRef = F9D9838E1F0938A60041C661 /* HomeNAVController.m */; };
/* End PBXBuildFile section */

/* Begin PBXContainerItemProxy section */
		F9B99FED1F09221A008047F4 /* PBXContainerItemProxy */ = {
			isa = PBXContainerItemProxy;
			containerPortal = F9B99FC81F092218008047F4 /* Project object */;
			proxyType = 1;
			remoteGlobalIDString = F9B99FCF1F092218008047F4;
			remoteInfo = OC_Demo;
		};
		F9B99FF81F09221A008047F4 /* PBXContainerItemProxy */ = {
			isa = PBXContainerItemProxy;
			containerPortal = F9B99FC81F092218008047F4 /* Project object */;
			proxyType = 1;
			remoteGlobalIDString = F9B99FCF1F092218008047F4;
			remoteInfo = OC_Demo;
		};
/* End PBXContainerItemProxy section */

/* Begin PBXFileReference section */
		5F0CAA131F0A0D71006814D7 /* PPBadgeLabel.h */ = {isa = PBXFileReference; fileEncoding = 4; lastKnownFileType = sourcecode.c.h; path = PPBadgeLabel.h; sourceTree = "<group>"; };
		5F0CAA141F0A0D71006814D7 /* PPBadgeLabel.m */ = {isa = PBXFileReference; fileEncoding = 4; lastKnownFileType = sourcecode.c.objc; path = PPBadgeLabel.m; sourceTree = "<group>"; };
		5F0CAA161F0A0EAC006814D7 /* UIView+PPBadgeView.h */ = {isa = PBXFileReference; fileEncoding = 4; lastKnownFileType = sourcecode.c.h; path = "UIView+PPBadgeView.h"; sourceTree = "<group>"; };
		5F0CAA171F0A0EAC006814D7 /* UIView+PPBadgeView.m */ = {isa = PBXFileReference; fileEncoding = 4; lastKnownFileType = sourcecode.c.objc; path = "UIView+PPBadgeView.m"; sourceTree = "<group>"; };
		5F0CAA191F0A17A7006814D7 /* UIBarButtonItem+PPBadgeView.h */ = {isa = PBXFileReference; fileEncoding = 4; lastKnownFileType = sourcecode.c.h; path = "UIBarButtonItem+PPBadgeView.h"; sourceTree = "<group>"; };
		5F0CAA1A1F0A17A7006814D7 /* UIBarButtonItem+PPBadgeView.m */ = {isa = PBXFileReference; fileEncoding = 4; lastKnownFileType = sourcecode.c.objc; path = "UIBarButtonItem+PPBadgeView.m"; sourceTree = "<group>"; };
		5F0CAA1C1F0A1A05006814D7 /* UITabBarItem+PPBadgeView.h */ = {isa = PBXFileReference; fileEncoding = 4; lastKnownFileType = sourcecode.c.h; path = "UITabBarItem+PPBadgeView.h"; sourceTree = "<group>"; };
		5F0CAA1D1F0A1A05006814D7 /* UITabBarItem+PPBadgeView.m */ = {isa = PBXFileReference; fileEncoding = 4; lastKnownFileType = sourcecode.c.objc; path = "UITabBarItem+PPBadgeView.m"; sourceTree = "<group>"; };
		5F0CAA1F1F0A1B65006814D7 /* PPBadgeView.h */ = {isa = PBXFileReference; lastKnownFileType = sourcecode.c.h; path = PPBadgeView.h; sourceTree = "<group>"; };
		5F0CAA211F0A38BC006814D7 /* MineViewController.h */ = {isa = PBXFileReference; fileEncoding = 4; lastKnownFileType = sourcecode.c.h; path = MineViewController.h; sourceTree = "<group>"; };
		5F0CAA221F0A38BC006814D7 /* MineViewController.m */ = {isa = PBXFileReference; fileEncoding = 4; lastKnownFileType = sourcecode.c.objc; path = MineViewController.m; sourceTree = "<group>"; };
		5FA003161F0B285C002E41F4 /* Person.h */ = {isa = PBXFileReference; fileEncoding = 4; lastKnownFileType = sourcecode.c.h; path = Person.h; sourceTree = "<group>"; };
		5FA003171F0B285C002E41F4 /* Person.m */ = {isa = PBXFileReference; fileEncoding = 4; lastKnownFileType = sourcecode.c.objc; path = Person.m; sourceTree = "<group>"; };
		5FA0031A1F0B2D06002E41F4 /* UIImage+image.h */ = {isa = PBXFileReference; fileEncoding = 4; lastKnownFileType = sourcecode.c.h; path = "UIImage+image.h"; sourceTree = "<group>"; };
		5FA0031B1F0B2D06002E41F4 /* UIImage+image.m */ = {isa = PBXFileReference; fileEncoding = 4; lastKnownFileType = sourcecode.c.objc; path = "UIImage+image.m"; sourceTree = "<group>"; };
		5FA0031D1F0B2EF7002E41F4 /* NSObject+Property.h */ = {isa = PBXFileReference; fileEncoding = 4; lastKnownFileType = sourcecode.c.h; path = "NSObject+Property.h"; sourceTree = "<group>"; };
		5FA0031E1F0B2EF7002E41F4 /* NSObject+Property.m */ = {isa = PBXFileReference; fileEncoding = 4; lastKnownFileType = sourcecode.c.objc; path = "NSObject+Property.m"; sourceTree = "<group>"; };
		5FA003201F0B3457002E41F4 /* Property List.plist */ = {isa = PBXFileReference; fileEncoding = 4; lastKnownFileType = text.plist.xml; path = "Property List.plist"; sourceTree = "<group>"; };
		5FA003221F0B3803002E41F4 /* NSObject+ModelDic.h */ = {isa = PBXFileReference; fileEncoding = 4; lastKnownFileType = sourcecode.c.h; path = "NSObject+ModelDic.h"; sourceTree = "<group>"; };
		5FA003231F0B3803002E41F4 /* NSObject+ModelDic.m */ = {isa = PBXFileReference; fileEncoding = 4; lastKnownFileType = sourcecode.c.objc; path = "NSObject+ModelDic.m"; sourceTree = "<group>"; };
		5FA003261F0B3B56002E41F4 /* status.h */ = {isa = PBXFileReference; fileEncoding = 4; lastKnownFileType = sourcecode.c.h; path = status.h; sourceTree = "<group>"; };
		5FA003271F0B3B56002E41F4 /* status.m */ = {isa = PBXFileReference; fileEncoding = 4; lastKnownFileType = sourcecode.c.objc; path = status.m; sourceTree = "<group>"; };
		5FA003291F0B475A002E41F4 /* user.h */ = {isa = PBXFileReference; fileEncoding = 4; lastKnownFileType = sourcecode.c.h; path = user.h; sourceTree = "<group>"; };
		5FA0032A1F0B475A002E41F4 /* user.m */ = {isa = PBXFileReference; fileEncoding = 4; lastKnownFileType = sourcecode.c.objc; path = user.m; sourceTree = "<group>"; };
		5FA0032C1F0B5AD6002E41F4 /* image.h */ = {isa = PBXFileReference; fileEncoding = 4; lastKnownFileType = sourcecode.c.h; path = image.h; sourceTree = "<group>"; };
		5FA0032D1F0B5AD6002E41F4 /* image.m */ = {isa = PBXFileReference; fileEncoding = 4; lastKnownFileType = sourcecode.c.objc; path = image.m; sourceTree = "<group>"; };
		5FA0032F1F0B75D7002E41F4 /* Movie.h */ = {isa = PBXFileReference; fileEncoding = 4; lastKnownFileType = sourcecode.c.h; path = Movie.h; sourceTree = "<group>"; };
		5FA003301F0B75D7002E41F4 /* Movie.m */ = {isa = PBXFileReference; fileEncoding = 4; lastKnownFileType = sourcecode.c.objc; path = Movie.m; sourceTree = "<group>"; };
		5FEC17101F131C6D006DDFA5 /* CommodityViewController.h */ = {isa = PBXFileReference; fileEncoding = 4; lastKnownFileType = sourcecode.c.h; path = CommodityViewController.h; sourceTree = "<group>"; };
		5FEC17111F131C6D006DDFA5 /* CommodityViewController.m */ = {isa = PBXFileReference; fileEncoding = 4; lastKnownFileType = sourcecode.c.objc; path = CommodityViewController.m; sourceTree = "<group>"; };
		5FEC17131F131EBF006DDFA5 /* ShopTableViewController.h */ = {isa = PBXFileReference; fileEncoding = 4; lastKnownFileType = sourcecode.c.h; path = ShopTableViewController.h; sourceTree = "<group>"; };
		5FEC17141F131EBF006DDFA5 /* ShopTableViewController.m */ = {isa = PBXFileReference; fileEncoding = 4; lastKnownFileType = sourcecode.c.objc; path = ShopTableViewController.m; sourceTree = "<group>"; };
		5FEC17161F132682006DDFA5 /* LeftCell.h */ = {isa = PBXFileReference; fileEncoding = 4; lastKnownFileType = sourcecode.c.h; path = LeftCell.h; sourceTree = "<group>"; };
		5FEC17171F132682006DDFA5 /* LeftCell.m */ = {isa = PBXFileReference; fileEncoding = 4; lastKnownFileType = sourcecode.c.objc; path = LeftCell.m; sourceTree = "<group>"; };
		5FEC17191F132BD2006DDFA5 /* RightCell.h */ = {isa = PBXFileReference; fileEncoding = 4; lastKnownFileType = sourcecode.c.h; path = RightCell.h; sourceTree = "<group>"; };
		5FEC171A1F132BD2006DDFA5 /* RightCell.m */ = {isa = PBXFileReference; fileEncoding = 4; lastKnownFileType = sourcecode.c.objc; path = RightCell.m; sourceTree = "<group>"; };
		5FEC171C1F13302E006DDFA5 /* RightHeaderView.h */ = {isa = PBXFileReference; fileEncoding = 4; lastKnownFileType = sourcecode.c.h; path = RightHeaderView.h; sourceTree = "<group>"; };
		5FEC171D1F13302E006DDFA5 /* RightHeaderView.m */ = {isa = PBXFileReference; fileEncoding = 4; lastKnownFileType = sourcecode.c.objc; path = RightHeaderView.m; sourceTree = "<group>"; };
		5FEC171F1F133116006DDFA5 /* Linkage.h */ = {isa = PBXFileReference; lastKnownFileType = sourcecode.c.h; path = Linkage.h; sourceTree = "<group>"; };
		5FEC17211F134BB4006DDFA5 /* liwushuo.json */ = {isa = PBXFileReference; fileEncoding = 4; lastKnownFileType = text.json; path = liwushuo.json; sourceTree = "<group>"; };
		5FEC17221F134BB4006DDFA5 /* meituan.json */ = {isa = PBXFileReference; fileEncoding = 4; lastKnownFileType = text.json; path = meituan.json; sourceTree = "<group>"; };
		5FEC17261F134C23006DDFA5 /* NSData+ImageContentType.h */ = {isa = PBXFileReference; fileEncoding = 4; lastKnownFileType = sourcecode.c.h; path = "NSData+ImageContentType.h"; sourceTree = "<group>"; };
		5FEC17271F134C23006DDFA5 /* NSData+ImageContentType.m */ = {isa = PBXFileReference; fileEncoding = 4; lastKnownFileType = sourcecode.c.objc; path = "NSData+ImageContentType.m"; sourceTree = "<group>"; };
		5FEC17281F134C23006DDFA5 /* SDImageCache.h */ = {isa = PBXFileReference; fileEncoding = 4; lastKnownFileType = sourcecode.c.h; path = SDImageCache.h; sourceTree = "<group>"; };
		5FEC17291F134C23006DDFA5 /* SDImageCache.m */ = {isa = PBXFileReference; fileEncoding = 4; lastKnownFileType = sourcecode.c.objc; path = SDImageCache.m; sourceTree = "<group>"; };
		5FEC172A1F134C23006DDFA5 /* SDWebImageCompat.h */ = {isa = PBXFileReference; fileEncoding = 4; lastKnownFileType = sourcecode.c.h; path = SDWebImageCompat.h; sourceTree = "<group>"; };
		5FEC172B1F134C23006DDFA5 /* SDWebImageCompat.m */ = {isa = PBXFileReference; fileEncoding = 4; lastKnownFileType = sourcecode.c.objc; path = SDWebImageCompat.m; sourceTree = "<group>"; };
		5FEC172C1F134C23006DDFA5 /* SDWebImageDecoder.h */ = {isa = PBXFileReference; fileEncoding = 4; lastKnownFileType = sourcecode.c.h; path = SDWebImageDecoder.h; sourceTree = "<group>"; };
		5FEC172D1F134C23006DDFA5 /* SDWebImageDecoder.m */ = {isa = PBXFileReference; fileEncoding = 4; lastKnownFileType = sourcecode.c.objc; path = SDWebImageDecoder.m; sourceTree = "<group>"; };
		5FEC172E1F134C23006DDFA5 /* SDWebImageDownloader.h */ = {isa = PBXFileReference; fileEncoding = 4; lastKnownFileType = sourcecode.c.h; path = SDWebImageDownloader.h; sourceTree = "<group>"; };
		5FEC172F1F134C23006DDFA5 /* SDWebImageDownloader.m */ = {isa = PBXFileReference; fileEncoding = 4; lastKnownFileType = sourcecode.c.objc; path = SDWebImageDownloader.m; sourceTree = "<group>"; };
		5FEC17301F134C23006DDFA5 /* SDWebImageDownloaderOperation.h */ = {isa = PBXFileReference; fileEncoding = 4; lastKnownFileType = sourcecode.c.h; path = SDWebImageDownloaderOperation.h; sourceTree = "<group>"; };
		5FEC17311F134C23006DDFA5 /* SDWebImageDownloaderOperation.m */ = {isa = PBXFileReference; fileEncoding = 4; lastKnownFileType = sourcecode.c.objc; path = SDWebImageDownloaderOperation.m; sourceTree = "<group>"; };
		5FEC17321F134C23006DDFA5 /* SDWebImageManager.h */ = {isa = PBXFileReference; fileEncoding = 4; lastKnownFileType = sourcecode.c.h; path = SDWebImageManager.h; sourceTree = "<group>"; };
		5FEC17331F134C23006DDFA5 /* SDWebImageManager.m */ = {isa = PBXFileReference; fileEncoding = 4; lastKnownFileType = sourcecode.c.objc; path = SDWebImageManager.m; sourceTree = "<group>"; };
		5FEC17341F134C23006DDFA5 /* SDWebImageOperation.h */ = {isa = PBXFileReference; fileEncoding = 4; lastKnownFileType = sourcecode.c.h; path = SDWebImageOperation.h; sourceTree = "<group>"; };
		5FEC17351F134C23006DDFA5 /* SDWebImagePrefetcher.h */ = {isa = PBXFileReference; fileEncoding = 4; lastKnownFileType = sourcecode.c.h; path = SDWebImagePrefetcher.h; sourceTree = "<group>"; };
		5FEC17361F134C23006DDFA5 /* SDWebImagePrefetcher.m */ = {isa = PBXFileReference; fileEncoding = 4; lastKnownFileType = sourcecode.c.objc; path = SDWebImagePrefetcher.m; sourceTree = "<group>"; };
		5FEC17371F134C23006DDFA5 /* UIButton+WebCache.h */ = {isa = PBXFileReference; fileEncoding = 4; lastKnownFileType = sourcecode.c.h; path = "UIButton+WebCache.h"; sourceTree = "<group>"; };
		5FEC17381F134C23006DDFA5 /* UIButton+WebCache.m */ = {isa = PBXFileReference; fileEncoding = 4; lastKnownFileType = sourcecode.c.objc; path = "UIButton+WebCache.m"; sourceTree = "<group>"; };
		5FEC17391F134C23006DDFA5 /* UIImage+GIF.h */ = {isa = PBXFileReference; fileEncoding = 4; lastKnownFileType = sourcecode.c.h; path = "UIImage+GIF.h"; sourceTree = "<group>"; };
		5FEC173A1F134C23006DDFA5 /* UIImage+GIF.m */ = {isa = PBXFileReference; fileEncoding = 4; lastKnownFileType = sourcecode.c.objc; path = "UIImage+GIF.m"; sourceTree = "<group>"; };
		5FEC173B1F134C23006DDFA5 /* UIImage+MultiFormat.h */ = {isa = PBXFileReference; fileEncoding = 4; lastKnownFileType = sourcecode.c.h; path = "UIImage+MultiFormat.h"; sourceTree = "<group>"; };
		5FEC173C1F134C23006DDFA5 /* UIImage+MultiFormat.m */ = {isa = PBXFileReference; fileEncoding = 4; lastKnownFileType = sourcecode.c.objc; path = "UIImage+MultiFormat.m"; sourceTree = "<group>"; };
		5FEC173D1F134C23006DDFA5 /* UIImageView+HighlightedWebCache.h */ = {isa = PBXFileReference; fileEncoding = 4; lastKnownFileType = sourcecode.c.h; path = "UIImageView+HighlightedWebCache.h"; sourceTree = "<group>"; };
		5FEC173E1F134C23006DDFA5 /* UIImageView+HighlightedWebCache.m */ = {isa = PBXFileReference; fileEncoding = 4; lastKnownFileType = sourcecode.c.objc; path = "UIImageView+HighlightedWebCache.m"; sourceTree = "<group>"; };
		5FEC173F1F134C23006DDFA5 /* UIImageView+WebCache.h */ = {isa = PBXFileReference; fileEncoding = 4; lastKnownFileType = sourcecode.c.h; path = "UIImageView+WebCache.h"; sourceTree = "<group>"; };
		5FEC17401F134C23006DDFA5 /* UIImageView+WebCache.m */ = {isa = PBXFileReference; fileEncoding = 4; lastKnownFileType = sourcecode.c.objc; path = "UIImageView+WebCache.m"; sourceTree = "<group>"; };
		5FEC17411F134C23006DDFA5 /* UIView+WebCacheOperation.h */ = {isa = PBXFileReference; fileEncoding = 4; lastKnownFileType = sourcecode.c.h; path = "UIView+WebCacheOperation.h"; sourceTree = "<group>"; };
		5FEC17421F134C23006DDFA5 /* UIView+WebCacheOperation.m */ = {isa = PBXFileReference; fileEncoding = 4; lastKnownFileType = sourcecode.c.objc; path = "UIView+WebCacheOperation.m"; sourceTree = "<group>"; };
		5FEC17511F134C84006DDFA5 /* NSObject+Property2.h */ = {isa = PBXFileReference; fileEncoding = 4; lastKnownFileType = sourcecode.c.h; path = "NSObject+Property2.h"; sourceTree = "<group>"; };
		5FEC17521F134C84006DDFA5 /* NSObject+Property2.m */ = {isa = PBXFileReference; fileEncoding = 4; lastKnownFileType = sourcecode.c.objc; path = "NSObject+Property2.m"; sourceTree = "<group>"; };
		5FEC17541F1351F6006DDFA5 /* CategoryModel.h */ = {isa = PBXFileReference; fileEncoding = 4; lastKnownFileType = sourcecode.c.h; path = CategoryModel.h; sourceTree = "<group>"; };
		5FEC17551F1351F6006DDFA5 /* CategoryModel.m */ = {isa = PBXFileReference; fileEncoding = 4; lastKnownFileType = sourcecode.c.objc; path = CategoryModel.m; sourceTree = "<group>"; };
		5FEC175D1F136A16006DDFA5 /* GiftViewController.h */ = {isa = PBXFileReference; fileEncoding = 4; lastKnownFileType = sourcecode.c.h; path = GiftViewController.h; sourceTree = "<group>"; };
		5FEC175E1F136A16006DDFA5 /* GiftViewController.m */ = {isa = PBXFileReference; fileEncoding = 4; lastKnownFileType = sourcecode.c.objc; path = GiftViewController.m; sourceTree = "<group>"; };
		5FEC17601F13784E006DDFA5 /* GiftCell.h */ = {isa = PBXFileReference; fileEncoding = 4; lastKnownFileType = sourcecode.c.h; path = GiftCell.h; sourceTree = "<group>"; };
		5FEC17611F13784E006DDFA5 /* GiftCell.m */ = {isa = PBXFileReference; fileEncoding = 4; lastKnownFileType = sourcecode.c.objc; path = GiftCell.m; sourceTree = "<group>"; };
		F9B99FD01F092218008047F4 /* OC_Demo.app */ = {isa = PBXFileReference; explicitFileType = wrapper.application; includeInIndex = 0; path = OC_Demo.app; sourceTree = BUILT_PRODUCTS_DIR; };
		F9B99FD41F092218008047F4 /* main.m */ = {isa = PBXFileReference; lastKnownFileType = sourcecode.c.objc; path = main.m; sourceTree = "<group>"; };
		F9B99FD61F092218008047F4 /* AppDelegate.h */ = {isa = PBXFileReference; lastKnownFileType = sourcecode.c.h; path = AppDelegate.h; sourceTree = "<group>"; };
		F9B99FD71F092218008047F4 /* AppDelegate.m */ = {isa = PBXFileReference; lastKnownFileType = sourcecode.c.objc; path = AppDelegate.m; sourceTree = "<group>"; };
		F9B99FD91F092218008047F4 /* ViewController.h */ = {isa = PBXFileReference; lastKnownFileType = sourcecode.c.h; path = ViewController.h; sourceTree = "<group>"; };
		F9B99FDA1F092218008047F4 /* ViewController.m */ = {isa = PBXFileReference; lastKnownFileType = sourcecode.c.objc; path = ViewController.m; sourceTree = "<group>"; };
		F9B99FDD1F092218008047F4 /* Base */ = {isa = PBXFileReference; lastKnownFileType = file.storyboard; name = Base; path = Base.lproj/Main.storyboard; sourceTree = "<group>"; };
		F9B99FE01F092219008047F4 /* OC_Demo.xcdatamodel */ = {isa = PBXFileReference; lastKnownFileType = wrapper.xcdatamodel; path = OC_Demo.xcdatamodel; sourceTree = "<group>"; };
		F9B99FE21F09221A008047F4 /* Assets.xcassets */ = {isa = PBXFileReference; lastKnownFileType = folder.assetcatalog; path = Assets.xcassets; sourceTree = "<group>"; };
		F9B99FE51F09221A008047F4 /* Base */ = {isa = PBXFileReference; lastKnownFileType = file.storyboard; name = Base; path = Base.lproj/LaunchScreen.storyboard; sourceTree = "<group>"; };
		F9B99FE71F09221A008047F4 /* Info.plist */ = {isa = PBXFileReference; lastKnownFileType = text.plist.xml; path = Info.plist; sourceTree = "<group>"; };
		F9B99FEC1F09221A008047F4 /* OC_DemoTests.xctest */ = {isa = PBXFileReference; explicitFileType = wrapper.cfbundle; includeInIndex = 0; path = OC_DemoTests.xctest; sourceTree = BUILT_PRODUCTS_DIR; };
		F9B99FF01F09221A008047F4 /* OC_DemoTests.m */ = {isa = PBXFileReference; lastKnownFileType = sourcecode.c.objc; path = OC_DemoTests.m; sourceTree = "<group>"; };
		F9B99FF21F09221A008047F4 /* Info.plist */ = {isa = PBXFileReference; lastKnownFileType = text.plist.xml; path = Info.plist; sourceTree = "<group>"; };
		F9B99FF71F09221A008047F4 /* OC_DemoUITests.xctest */ = {isa = PBXFileReference; explicitFileType = wrapper.cfbundle; includeInIndex = 0; path = OC_DemoUITests.xctest; sourceTree = BUILT_PRODUCTS_DIR; };
		F9B99FFB1F09221A008047F4 /* OC_DemoUITests.m */ = {isa = PBXFileReference; lastKnownFileType = sourcecode.c.objc; path = OC_DemoUITests.m; sourceTree = "<group>"; };
		F9B99FFD1F09221A008047F4 /* Info.plist */ = {isa = PBXFileReference; lastKnownFileType = text.plist.xml; path = Info.plist; sourceTree = "<group>"; };
		F9B9A0141F0927EF008047F4 /* ESPicPageView.h */ = {isa = PBXFileReference; fileEncoding = 4; lastKnownFileType = sourcecode.c.h; path = ESPicPageView.h; sourceTree = "<group>"; };
		F9B9A0151F0927EF008047F4 /* ESPicPageView.m */ = {isa = PBXFileReference; fileEncoding = 4; lastKnownFileType = sourcecode.c.objc; path = ESPicPageView.m; sourceTree = "<group>"; };
		F9D9838D1F0938A60041C661 /* HomeNAVController.h */ = {isa = PBXFileReference; fileEncoding = 4; lastKnownFileType = sourcecode.c.h; path = HomeNAVController.h; sourceTree = "<group>"; };
		F9D9838E1F0938A60041C661 /* HomeNAVController.m */ = {isa = PBXFileReference; fileEncoding = 4; lastKnownFileType = sourcecode.c.objc; path = HomeNAVController.m; sourceTree = "<group>"; };
/* End PBXFileReference section */

/* Begin PBXFrameworksBuildPhase section */
		F9B99FCD1F092218008047F4 /* Frameworks */ = {
			isa = PBXFrameworksBuildPhase;
			buildActionMask = 2147483647;
			files = (
			);
			runOnlyForDeploymentPostprocessing = 0;
		};
		F9B99FE91F09221A008047F4 /* Frameworks */ = {
			isa = PBXFrameworksBuildPhase;
			buildActionMask = 2147483647;
			files = (
			);
			runOnlyForDeploymentPostprocessing = 0;
		};
		F9B99FF41F09221A008047F4 /* Frameworks */ = {
			isa = PBXFrameworksBuildPhase;
			buildActionMask = 2147483647;
			files = (
			);
			runOnlyForDeploymentPostprocessing = 0;
		};
/* End PBXFrameworksBuildPhase section */

/* Begin PBXGroup section */
		5F0CAA121F0A0D0D006814D7 /* PPBadgeView */ = {
			isa = PBXGroup;
			children = (
				5F0CAA1F1F0A1B65006814D7 /* PPBadgeView.h */,
				5F0CAA131F0A0D71006814D7 /* PPBadgeLabel.h */,
				5F0CAA141F0A0D71006814D7 /* PPBadgeLabel.m */,
				5F0CAA161F0A0EAC006814D7 /* UIView+PPBadgeView.h */,
				5F0CAA171F0A0EAC006814D7 /* UIView+PPBadgeView.m */,
				5F0CAA191F0A17A7006814D7 /* UIBarButtonItem+PPBadgeView.h */,
				5F0CAA1A1F0A17A7006814D7 /* UIBarButtonItem+PPBadgeView.m */,
				5F0CAA1C1F0A1A05006814D7 /* UITabBarItem+PPBadgeView.h */,
				5F0CAA1D1F0A1A05006814D7 /* UITabBarItem+PPBadgeView.m */,
			);
			path = PPBadgeView;
			sourceTree = "<group>";
		};
		5F0CAA201F0A26C4006814D7 /* RootViewController */ = {
			isa = PBXGroup;
			children = (
			);
			name = RootViewController;
			sourceTree = "<group>";
		};
		5F0CAA241F0A38C7006814D7 /* 我的 */ = {
			isa = PBXGroup;
			children = (
				5F0CAA211F0A38BC006814D7 /* MineViewController.h */,
				5F0CAA221F0A38BC006814D7 /* MineViewController.m */,
			);
			name = "我的";
			sourceTree = "<group>";
		};
		5F0CAA251F0A3900006814D7 /* 我的 */ = {
			isa = PBXGroup;
			children = (
			);
			path = "我的";
			sourceTree = "<group>";
		};
		5FA003191F0B2CE2002E41F4 /* category */ = {
			isa = PBXGroup;
			children = (
				5FA0031A1F0B2D06002E41F4 /* UIImage+image.h */,
				5FA0031B1F0B2D06002E41F4 /* UIImage+image.m */,
				5FA0031D1F0B2EF7002E41F4 /* NSObject+Property.h */,
				5FA0031E1F0B2EF7002E41F4 /* NSObject+Property.m */,
				5FA003221F0B3803002E41F4 /* NSObject+ModelDic.h */,
				5FA003231F0B3803002E41F4 /* NSObject+ModelDic.m */,
			);
			name = category;
			sourceTree = "<group>";
		};
		5FA003251F0B3B45002E41F4 /* runtime */ = {
			isa = PBXGroup;
			children = (
				5FA003261F0B3B56002E41F4 /* status.h */,
				5FA003271F0B3B56002E41F4 /* status.m */,
				5FA003291F0B475A002E41F4 /* user.h */,
				5FA0032A1F0B475A002E41F4 /* user.m */,
				5FA0032C1F0B5AD6002E41F4 /* image.h */,
				5FA0032D1F0B5AD6002E41F4 /* image.m */,
				5FA0032F1F0B75D7002E41F4 /* Movie.h */,
				5FA003301F0B75D7002E41F4 /* Movie.m */,
			);
			name = runtime;
			sourceTree = "<group>";
		};
		5FAEA9B41F0C8D9B00DCE5A1 /* 抽屉效果 */ = {
			isa = PBXGroup;
			children = (
			);
			name = "抽屉效果";
			sourceTree = "<group>";
		};
		5FEC17091F131A28006DDFA5 /* Class */ = {
			isa = PBXGroup;
			children = (
				5FEC17581F136913006DDFA5 /* 联动collentionView */,
				5FEC170A1F131A66006DDFA5 /* 联动TableVIew  */,
			);
			path = Class;
			sourceTree = "<group>";
		};
		5FEC170A1F131A66006DDFA5 /* 联动TableVIew  */ = {
			isa = PBXGroup;
			children = (
				5FEC17201F133B71006DDFA5 /* Resources */,
				5FEC170E1F131AA3006DDFA5 /* Model */,
				5FEC170D1F131A9E006DDFA5 /* View */,
				5FEC170C1F131A9C006DDFA5 /* Controller */,
				5FEC170B1F131A99006DDFA5 /* Tool */,
			);
			path = "联动TableVIew ";
			sourceTree = "<group>";
		};
		5FEC170B1F131A99006DDFA5 /* Tool */ = {
			isa = PBXGroup;
			children = (
			);
			name = Tool;
			sourceTree = "<group>";
		};
		5FEC170C1F131A9C006DDFA5 /* Controller */ = {
			isa = PBXGroup;
			children = (
				5FEC17131F131EBF006DDFA5 /* ShopTableViewController.h */,
				5FEC17141F131EBF006DDFA5 /* ShopTableViewController.m */,
			);
			name = Controller;
			sourceTree = "<group>";
		};
		5FEC170D1F131A9E006DDFA5 /* View */ = {
			isa = PBXGroup;
			children = (
				5FEC17161F132682006DDFA5 /* LeftCell.h */,
				5FEC17171F132682006DDFA5 /* LeftCell.m */,
				5FEC17191F132BD2006DDFA5 /* RightCell.h */,
				5FEC171A1F132BD2006DDFA5 /* RightCell.m */,
				5FEC171C1F13302E006DDFA5 /* RightHeaderView.h */,
				5FEC171D1F13302E006DDFA5 /* RightHeaderView.m */,
			);
			name = View;
			sourceTree = "<group>";
		};
		5FEC170E1F131AA3006DDFA5 /* Model */ = {
			isa = PBXGroup;
			children = (
				5FEC171F1F133116006DDFA5 /* Linkage.h */,
				5FEC17511F134C84006DDFA5 /* NSObject+Property2.h */,
				5FEC17521F134C84006DDFA5 /* NSObject+Property2.m */,
				5FEC17541F1351F6006DDFA5 /* CategoryModel.h */,
				5FEC17551F1351F6006DDFA5 /* CategoryModel.m */,
			);
			name = Model;
			sourceTree = "<group>";
		};
		5FEC170F1F131C1B006DDFA5 /* 商品 */ = {
			isa = PBXGroup;
			children = (
				5FEC17101F131C6D006DDFA5 /* CommodityViewController.h */,
				5FEC17111F131C6D006DDFA5 /* CommodityViewController.m */,
			);
			name = "商品";
			sourceTree = "<group>";
		};
		5FEC17201F133B71006DDFA5 /* Resources */ = {
			isa = PBXGroup;
			children = (
				5FEC17211F134BB4006DDFA5 /* liwushuo.json */,
				5FEC17221F134BB4006DDFA5 /* meituan.json */,
			);
			name = Resources;
			sourceTree = "<group>";
		};
		5FEC17251F134C23006DDFA5 /* SDWebImage */ = {
			isa = PBXGroup;
			children = (
				5FEC17261F134C23006DDFA5 /* NSData+ImageContentType.h */,
				5FEC17271F134C23006DDFA5 /* NSData+ImageContentType.m */,
				5FEC17281F134C23006DDFA5 /* SDImageCache.h */,
				5FEC17291F134C23006DDFA5 /* SDImageCache.m */,
				5FEC172A1F134C23006DDFA5 /* SDWebImageCompat.h */,
				5FEC172B1F134C23006DDFA5 /* SDWebImageCompat.m */,
				5FEC172C1F134C23006DDFA5 /* SDWebImageDecoder.h */,
				5FEC172D1F134C23006DDFA5 /* SDWebImageDecoder.m */,
				5FEC172E1F134C23006DDFA5 /* SDWebImageDownloader.h */,
				5FEC172F1F134C23006DDFA5 /* SDWebImageDownloader.m */,
				5FEC17301F134C23006DDFA5 /* SDWebImageDownloaderOperation.h */,
				5FEC17311F134C23006DDFA5 /* SDWebImageDownloaderOperation.m */,
				5FEC17321F134C23006DDFA5 /* SDWebImageManager.h */,
				5FEC17331F134C23006DDFA5 /* SDWebImageManager.m */,
				5FEC17341F134C23006DDFA5 /* SDWebImageOperation.h */,
				5FEC17351F134C23006DDFA5 /* SDWebImagePrefetcher.h */,
				5FEC17361F134C23006DDFA5 /* SDWebImagePrefetcher.m */,
				5FEC17371F134C23006DDFA5 /* UIButton+WebCache.h */,
				5FEC17381F134C23006DDFA5 /* UIButton+WebCache.m */,
				5FEC17391F134C23006DDFA5 /* UIImage+GIF.h */,
				5FEC173A1F134C23006DDFA5 /* UIImage+GIF.m */,
				5FEC173B1F134C23006DDFA5 /* UIImage+MultiFormat.h */,
				5FEC173C1F134C23006DDFA5 /* UIImage+MultiFormat.m */,
				5FEC173D1F134C23006DDFA5 /* UIImageView+HighlightedWebCache.h */,
				5FEC173E1F134C23006DDFA5 /* UIImageView+HighlightedWebCache.m */,
				5FEC173F1F134C23006DDFA5 /* UIImageView+WebCache.h */,
				5FEC17401F134C23006DDFA5 /* UIImageView+WebCache.m */,
				5FEC17411F134C23006DDFA5 /* UIView+WebCacheOperation.h */,
				5FEC17421F134C23006DDFA5 /* UIView+WebCacheOperation.m */,
			);
			path = SDWebImage;
			sourceTree = "<group>";
		};
		5FEC17581F136913006DDFA5 /* 联动collentionView */ = {
			isa = PBXGroup;
			children = (
				5FEC175C1F136965006DDFA5 /* Model */,
				5FEC175B1F136960006DDFA5 /* View */,
				5FEC175A1F13695E006DDFA5 /* Controller */,
				5FEC17591F13695B006DDFA5 /* Tool */,
			);
			path = "联动collentionView";
			sourceTree = "<group>";
		};
		5FEC17591F13695B006DDFA5 /* Tool */ = {
			isa = PBXGroup;
			children = (
			);
			name = Tool;
			sourceTree = "<group>";
		};
		5FEC175A1F13695E006DDFA5 /* Controller */ = {
			isa = PBXGroup;
			children = (
				5FEC175D1F136A16006DDFA5 /* GiftViewController.h */,
				5FEC175E1F136A16006DDFA5 /* GiftViewController.m */,
			);
			name = Controller;
			sourceTree = "<group>";
		};
		5FEC175B1F136960006DDFA5 /* View */ = {
			isa = PBXGroup;
			children = (
				5FEC17601F13784E006DDFA5 /* GiftCell.h */,
				5FEC17611F13784E006DDFA5 /* GiftCell.m */,
			);
			name = View;
			sourceTree = "<group>";
		};
		5FEC175C1F136965006DDFA5 /* Model */ = {
			isa = PBXGroup;
			children = (
			);
			name = Model;
			sourceTree = "<group>";
		};
		F9B99FC71F092218008047F4 = {
			isa = PBXGroup;
			children = (
				F9B99FD21F092218008047F4 /* OC_Demo */,
				F9B99FEF1F09221A008047F4 /* OC_DemoTests */,
				F9B99FFA1F09221A008047F4 /* OC_DemoUITests */,
				F9B99FD11F092218008047F4 /* Products */,
			);
			sourceTree = "<group>";
		};
		F9B99FD11F092218008047F4 /* Products */ = {
			isa = PBXGroup;
			children = (
				F9B99FD01F092218008047F4 /* OC_Demo.app */,
				F9B99FEC1F09221A008047F4 /* OC_DemoTests.xctest */,
				F9B99FF71F09221A008047F4 /* OC_DemoUITests.xctest */,
			);
			name = Products;
			sourceTree = "<group>";
		};
		F9B99FD21F092218008047F4 /* OC_Demo */ = {
			isa = PBXGroup;
			children = (
				5FEC17091F131A28006DDFA5 /* Class */,
				F9B9A00D1F092240008047F4 /* Models */,
				F9B9A00C1F09223C008047F4 /* Views */,
				F9B9A00B1F09222E008047F4 /* Controller */,
				F9B9A00A1F09222A008047F4 /* Tool */,
				F9B9A0091F092224008047F4 /* other */,
				F9B99FDC1F092218008047F4 /* Main.storyboard */,
				F9B99FE21F09221A008047F4 /* Assets.xcassets */,
				F9B99FE41F09221A008047F4 /* LaunchScreen.storyboard */,
				F9B99FE71F09221A008047F4 /* Info.plist */,
				F9B99FDF1F092219008047F4 /* OC_Demo.xcdatamodeld */,
				F9B99FD31F092218008047F4 /* Supporting Files */,
			);
			path = OC_Demo;
			sourceTree = "<group>";
		};
		F9B99FD31F092218008047F4 /* Supporting Files */ = {
			isa = PBXGroup;
			children = (
				F9B99FD41F092218008047F4 /* main.m */,
				5FA003201F0B3457002E41F4 /* Property List.plist */,
			);
			name = "Supporting Files";
			sourceTree = "<group>";
		};
		F9B99FEF1F09221A008047F4 /* OC_DemoTests */ = {
			isa = PBXGroup;
			children = (
				F9B99FF01F09221A008047F4 /* OC_DemoTests.m */,
				F9B99FF21F09221A008047F4 /* Info.plist */,
			);
			path = OC_DemoTests;
			sourceTree = "<group>";
		};
		F9B99FFA1F09221A008047F4 /* OC_DemoUITests */ = {
			isa = PBXGroup;
			children = (
				F9B99FFB1F09221A008047F4 /* OC_DemoUITests.m */,
				F9B99FFD1F09221A008047F4 /* Info.plist */,
			);
			path = OC_DemoUITests;
			sourceTree = "<group>";
		};
		F9B9A0091F092224008047F4 /* other */ = {
			isa = PBXGroup;
			children = (
				F9B9A00E1F092286008047F4 /* lib */,
				F9B99FD61F092218008047F4 /* AppDelegate.h */,
				F9B99FD71F092218008047F4 /* AppDelegate.m */,
			);
			path = other;
			sourceTree = "<group>";
		};
		F9B9A00A1F09222A008047F4 /* Tool */ = {
			isa = PBXGroup;
			children = (
				5FA003191F0B2CE2002E41F4 /* category */,
			);
			path = Tool;
			sourceTree = "<group>";
		};
		F9B9A00B1F09222E008047F4 /* Controller */ = {
			isa = PBXGroup;
			children = (
				5FEC170F1F131C1B006DDFA5 /* 商品 */,
				5FAEA9B41F0C8D9B00DCE5A1 /* 抽屉效果 */,
				5F0CAA241F0A38C7006814D7 /* 我的 */,
				F9B9A0101F092680008047F4 /* 主页 */,
			);
			name = Controller;
			path = Controllers;
			sourceTree = "<group>";
		};
		F9B9A00C1F09223C008047F4 /* Views */ = {
			isa = PBXGroup;
			children = (
				5F0CAA251F0A3900006814D7 /* 我的 */,
				5F0CAA121F0A0D0D006814D7 /* PPBadgeView */,
				F9B9A00F1F0922EA008047F4 /* IntiniterScrollView */,
			);
			path = Views;
			sourceTree = "<group>";
		};
		F9B9A00D1F092240008047F4 /* Models */ = {
			isa = PBXGroup;
			children = (
				5FA003251F0B3B45002E41F4 /* runtime */,
				5FA003161F0B285C002E41F4 /* Person.h */,
				5FA003171F0B285C002E41F4 /* Person.m */,
			);
			path = Models;
			sourceTree = "<group>";
		};
		F9B9A00E1F092286008047F4 /* lib */ = {
			isa = PBXGroup;
			children = (
				5FEC17251F134C23006DDFA5 /* SDWebImage */,
			);
			path = lib;
			sourceTree = "<group>";
		};
		F9B9A00F1F0922EA008047F4 /* IntiniterScrollView */ = {
			isa = PBXGroup;
			children = (
				F9B9A0141F0927EF008047F4 /* ESPicPageView.h */,
				F9B9A0151F0927EF008047F4 /* ESPicPageView.m */,
			);
			name = IntiniterScrollView;
			path = InfiniterScrollViews;
			sourceTree = "<group>";
		};
		F9B9A0101F092680008047F4 /* 主页 */ = {
			isa = PBXGroup;
			children = (
				5F0CAA201F0A26C4006814D7 /* RootViewController */,
				F9B99FD91F092218008047F4 /* ViewController.h */,
				F9B99FDA1F092218008047F4 /* ViewController.m */,
				F9D9838D1F0938A60041C661 /* HomeNAVController.h */,
				F9D9838E1F0938A60041C661 /* HomeNAVController.m */,
			);
			name = "主页";
			sourceTree = "<group>";
		};
/* End PBXGroup section */

/* Begin PBXNativeTarget section */
		F9B99FCF1F092218008047F4 /* OC_Demo */ = {
			isa = PBXNativeTarget;
			buildConfigurationList = F9B9A0001F09221A008047F4 /* Build configuration list for PBXNativeTarget "OC_Demo" */;
			buildPhases = (
				F9B99FCC1F092218008047F4 /* Sources */,
				F9B99FCD1F092218008047F4 /* Frameworks */,
				F9B99FCE1F092218008047F4 /* Resources */,
			);
			buildRules = (
			);
			dependencies = (
			);
			name = OC_Demo;
			productName = OC_Demo;
			productReference = F9B99FD01F092218008047F4 /* OC_Demo.app */;
			productType = "com.apple.product-type.application";
		};
		F9B99FEB1F09221A008047F4 /* OC_DemoTests */ = {
			isa = PBXNativeTarget;
			buildConfigurationList = F9B9A0031F09221A008047F4 /* Build configuration list for PBXNativeTarget "OC_DemoTests" */;
			buildPhases = (
				F9B99FE81F09221A008047F4 /* Sources */,
				F9B99FE91F09221A008047F4 /* Frameworks */,
				F9B99FEA1F09221A008047F4 /* Resources */,
			);
			buildRules = (
			);
			dependencies = (
				F9B99FEE1F09221A008047F4 /* PBXTargetDependency */,
			);
			name = OC_DemoTests;
			productName = OC_DemoTests;
			productReference = F9B99FEC1F09221A008047F4 /* OC_DemoTests.xctest */;
			productType = "com.apple.product-type.bundle.unit-test";
		};
		F9B99FF61F09221A008047F4 /* OC_DemoUITests */ = {
			isa = PBXNativeTarget;
			buildConfigurationList = F9B9A0061F09221A008047F4 /* Build configuration list for PBXNativeTarget "OC_DemoUITests" */;
			buildPhases = (
				F9B99FF31F09221A008047F4 /* Sources */,
				F9B99FF41F09221A008047F4 /* Frameworks */,
				F9B99FF51F09221A008047F4 /* Resources */,
			);
			buildRules = (
			);
			dependencies = (
				F9B99FF91F09221A008047F4 /* PBXTargetDependency */,
			);
			name = OC_DemoUITests;
			productName = OC_DemoUITests;
			productReference = F9B99FF71F09221A008047F4 /* OC_DemoUITests.xctest */;
			productType = "com.apple.product-type.bundle.ui-testing";
		};
/* End PBXNativeTarget section */

/* Begin PBXProject section */
		F9B99FC81F092218008047F4 /* Project object */ = {
			isa = PBXProject;
			attributes = {
				LastUpgradeCheck = 0830;
				ORGANIZATIONNAME = LUOSU;
				TargetAttributes = {
					F9B99FCF1F092218008047F4 = {
						CreatedOnToolsVersion = 8.3.3;
						DevelopmentTeam = YPA8ZFWJMP;
						ProvisioningStyle = Automatic;
					};
					F9B99FEB1F09221A008047F4 = {
						CreatedOnToolsVersion = 8.3.3;
						DevelopmentTeam = YPA8ZFWJMP;
						ProvisioningStyle = Automatic;
						TestTargetID = F9B99FCF1F092218008047F4;
					};
					F9B99FF61F09221A008047F4 = {
						CreatedOnToolsVersion = 8.3.3;
						DevelopmentTeam = YPA8ZFWJMP;
						ProvisioningStyle = Automatic;
						TestTargetID = F9B99FCF1F092218008047F4;
					};
				};
			};
			buildConfigurationList = F9B99FCB1F092218008047F4 /* Build configuration list for PBXProject "OC_Demo" */;
			compatibilityVersion = "Xcode 3.2";
			developmentRegion = English;
			hasScannedForEncodings = 0;
			knownRegions = (
				en,
				Base,
			);
			mainGroup = F9B99FC71F092218008047F4;
			productRefGroup = F9B99FD11F092218008047F4 /* Products */;
			projectDirPath = "";
			projectRoot = "";
			targets = (
				F9B99FCF1F092218008047F4 /* OC_Demo */,
				F9B99FEB1F09221A008047F4 /* OC_DemoTests */,
				F9B99FF61F09221A008047F4 /* OC_DemoUITests */,
			);
		};
/* End PBXProject section */

/* Begin PBXResourcesBuildPhase section */
		F9B99FCE1F092218008047F4 /* Resources */ = {
			isa = PBXResourcesBuildPhase;
			buildActionMask = 2147483647;
			files = (
				F9B99FE61F09221A008047F4 /* LaunchScreen.storyboard in Resources */,
				5FEC17241F134BB4006DDFA5 /* meituan.json in Resources */,
				5FEC17231F134BB4006DDFA5 /* liwushuo.json in Resources */,
				F9B99FE31F09221A008047F4 /* Assets.xcassets in Resources */,
				5FA003211F0B3457002E41F4 /* Property List.plist in Resources */,
				F9B99FDE1F092218008047F4 /* Main.storyboard in Resources */,
			);
			runOnlyForDeploymentPostprocessing = 0;
		};
		F9B99FEA1F09221A008047F4 /* Resources */ = {
			isa = PBXResourcesBuildPhase;
			buildActionMask = 2147483647;
			files = (
			);
			runOnlyForDeploymentPostprocessing = 0;
		};
		F9B99FF51F09221A008047F4 /* Resources */ = {
			isa = PBXResourcesBuildPhase;
			buildActionMask = 2147483647;
			files = (
			);
			runOnlyForDeploymentPostprocessing = 0;
		};
/* End PBXResourcesBuildPhase section */

/* Begin PBXSourcesBuildPhase section */
		F9B99FCC1F092218008047F4 /* Sources */ = {
			isa = PBXSourcesBuildPhase;
			buildActionMask = 2147483647;
			files = (
				5FEC17461F134C23006DDFA5 /* SDWebImageDecoder.m in Sources */,
				5FEC17121F131C6D006DDFA5 /* CommodityViewController.m in Sources */,
				5FEC17491F134C23006DDFA5 /* SDWebImageManager.m in Sources */,
				5FA0031C1F0B2D06002E41F4 /* UIImage+image.m in Sources */,
				F9B99FDB1F092218008047F4 /* ViewController.m in Sources */,
				5FEC171B1F132BD2006DDFA5 /* RightCell.m in Sources */,
				5FEC17451F134C23006DDFA5 /* SDWebImageCompat.m in Sources */,
				5FEC17481F134C23006DDFA5 /* SDWebImageDownloaderOperation.m in Sources */,
				5FA0031F1F0B2EF7002E41F4 /* NSObject+Property.m in Sources */,
				5FEC17181F132682006DDFA5 /* LeftCell.m in Sources */,
				5FEC17531F134C84006DDFA5 /* NSObject+Property2.m in Sources */,
				5FEC171E1F13302E006DDFA5 /* RightHeaderView.m in Sources */,
				5FA003311F0B75D7002E41F4 /* Movie.m in Sources */,
				5FEC174F1F134C23006DDFA5 /* UIImageView+WebCache.m in Sources */,
				5FA0032E1F0B5AD6002E41F4 /* image.m in Sources */,
				5F0CAA181F0A0EAC006814D7 /* UIView+PPBadgeView.m in Sources */,
				F9B99FD81F092218008047F4 /* AppDelegate.m in Sources */,
				F9D9838F1F0938A60041C661 /* HomeNAVController.m in Sources */,
				5FEC174C1F134C23006DDFA5 /* UIImage+GIF.m in Sources */,
				5FEC174D1F134C23006DDFA5 /* UIImage+MultiFormat.m in Sources */,
				5FEC174E1F134C23006DDFA5 /* UIImageView+HighlightedWebCache.m in Sources */,
				5FA003241F0B3803002E41F4 /* NSObject+ModelDic.m in Sources */,
				5FEC174A1F134C23006DDFA5 /* SDWebImagePrefetcher.m in Sources */,
				5FA003281F0B3B56002E41F4 /* status.m in Sources */,
				F9B99FE11F09221A008047F4 /* OC_Demo.xcdatamodeld in Sources */,
				5FEC175F1F136A16006DDFA5 /* GiftViewController.m in Sources */,
				5FEC17501F134C23006DDFA5 /* UIView+WebCacheOperation.m in Sources */,
				5FEC17151F131EBF006DDFA5 /* ShopTableViewController.m in Sources */,
				5FA0032B1F0B475A002E41F4 /* user.m in Sources */,
				5F0CAA231F0A38BC006814D7 /* MineViewController.m in Sources */,
				5FA003181F0B285C002E41F4 /* Person.m in Sources */,
				5FEC17471F134C23006DDFA5 /* SDWebImageDownloader.m in Sources */,
				5FEC174B1F134C23006DDFA5 /* UIButton+WebCache.m in Sources */,
				5F0CAA1B1F0A17A7006814D7 /* UIBarButtonItem+PPBadgeView.m in Sources */,
				5FEC17561F1351F6006DDFA5 /* CategoryModel.m in Sources */,
				5FEC17431F134C23006DDFA5 /* NSData+ImageContentType.m in Sources */,
				F9B9A0161F0927EF008047F4 /* ESPicPageView.m in Sources */,
				5F0CAA1E1F0A1A05006814D7 /* UITabBarItem+PPBadgeView.m in Sources */,
				5FEC17441F134C23006DDFA5 /* SDImageCache.m in Sources */,
				5F0CAA151F0A0D71006814D7 /* PPBadgeLabel.m in Sources */,
				F9B99FD51F092218008047F4 /* main.m in Sources */,
				5FEC17621F13784E006DDFA5 /* GiftCell.m in Sources */,
			);
			runOnlyForDeploymentPostprocessing = 0;
		};
		F9B99FE81F09221A008047F4 /* Sources */ = {
			isa = PBXSourcesBuildPhase;
			buildActionMask = 2147483647;
			files = (
				F9B99FF11F09221A008047F4 /* OC_DemoTests.m in Sources */,
			);
			runOnlyForDeploymentPostprocessing = 0;
		};
		F9B99FF31F09221A008047F4 /* Sources */ = {
			isa = PBXSourcesBuildPhase;
			buildActionMask = 2147483647;
			files = (
				F9B99FFC1F09221A008047F4 /* OC_DemoUITests.m in Sources */,
			);
			runOnlyForDeploymentPostprocessing = 0;
		};
/* End PBXSourcesBuildPhase section */

/* Begin PBXTargetDependency section */
		F9B99FEE1F09221A008047F4 /* PBXTargetDependency */ = {
			isa = PBXTargetDependency;
			target = F9B99FCF1F092218008047F4 /* OC_Demo */;
			targetProxy = F9B99FED1F09221A008047F4 /* PBXContainerItemProxy */;
		};
		F9B99FF91F09221A008047F4 /* PBXTargetDependency */ = {
			isa = PBXTargetDependency;
			target = F9B99FCF1F092218008047F4 /* OC_Demo */;
			targetProxy = F9B99FF81F09221A008047F4 /* PBXContainerItemProxy */;
		};
/* End PBXTargetDependency section */

/* Begin PBXVariantGroup section */
		F9B99FDC1F092218008047F4 /* Main.storyboard */ = {
			isa = PBXVariantGroup;
			children = (
				F9B99FDD1F092218008047F4 /* Base */,
			);
			name = Main.storyboard;
			sourceTree = "<group>";
		};
		F9B99FE41F09221A008047F4 /* LaunchScreen.storyboard */ = {
			isa = PBXVariantGroup;
			children = (
				F9B99FE51F09221A008047F4 /* Base */,
			);
			name = LaunchScreen.storyboard;
			sourceTree = "<group>";
		};
/* End PBXVariantGroup section */

/* Begin XCBuildConfiguration section */
		F9B99FFE1F09221A008047F4 /* Debug */ = {
			isa = XCBuildConfiguration;
			buildSettings = {
				ALWAYS_SEARCH_USER_PATHS = NO;
				CLANG_ANALYZER_NONNULL = YES;
				CLANG_ANALYZER_NUMBER_OBJECT_CONVERSION = YES_AGGRESSIVE;
				CLANG_CXX_LANGUAGE_STANDARD = "gnu++0x";
				CLANG_CXX_LIBRARY = "libc++";
				CLANG_ENABLE_MODULES = YES;
				CLANG_ENABLE_OBJC_ARC = YES;
				CLANG_WARN_BOOL_CONVERSION = YES;
				CLANG_WARN_CONSTANT_CONVERSION = YES;
				CLANG_WARN_DIRECT_OBJC_ISA_USAGE = YES_ERROR;
				CLANG_WARN_DOCUMENTATION_COMMENTS = YES;
				CLANG_WARN_EMPTY_BODY = YES;
				CLANG_WARN_ENUM_CONVERSION = YES;
				CLANG_WARN_INFINITE_RECURSION = YES;
				CLANG_WARN_INT_CONVERSION = YES;
				CLANG_WARN_OBJC_ROOT_CLASS = YES_ERROR;
				CLANG_WARN_SUSPICIOUS_MOVE = YES;
				CLANG_WARN_UNREACHABLE_CODE = YES;
				CLANG_WARN__DUPLICATE_METHOD_MATCH = YES;
				"CODE_SIGN_IDENTITY[sdk=iphoneos*]" = "iPhone Developer";
				COPY_PHASE_STRIP = NO;
				DEBUG_INFORMATION_FORMAT = dwarf;
				ENABLE_STRICT_OBJC_MSGSEND = YES;
				ENABLE_TESTABILITY = YES;
				GCC_C_LANGUAGE_STANDARD = gnu99;
				GCC_DYNAMIC_NO_PIC = NO;
				GCC_NO_COMMON_BLOCKS = YES;
				GCC_OPTIMIZATION_LEVEL = 0;
				GCC_PREPROCESSOR_DEFINITIONS = (
					"DEBUG=1",
					"$(inherited)",
				);
				GCC_WARN_64_TO_32_BIT_CONVERSION = YES;
				GCC_WARN_ABOUT_RETURN_TYPE = YES_ERROR;
				GCC_WARN_UNDECLARED_SELECTOR = YES;
				GCC_WARN_UNINITIALIZED_AUTOS = YES_AGGRESSIVE;
				GCC_WARN_UNUSED_FUNCTION = YES;
				GCC_WARN_UNUSED_VARIABLE = YES;
				IPHONEOS_DEPLOYMENT_TARGET = 10.3;
				MTL_ENABLE_DEBUG_INFO = YES;
				ONLY_ACTIVE_ARCH = YES;
				SDKROOT = iphoneos;
				TARGETED_DEVICE_FAMILY = "1,2";
			};
			name = Debug;
		};
		F9B99FFF1F09221A008047F4 /* Release */ = {
			isa = XCBuildConfiguration;
			buildSettings = {
				ALWAYS_SEARCH_USER_PATHS = NO;
				CLANG_ANALYZER_NONNULL = YES;
				CLANG_ANALYZER_NUMBER_OBJECT_CONVERSION = YES_AGGRESSIVE;
				CLANG_CXX_LANGUAGE_STANDARD = "gnu++0x";
				CLANG_CXX_LIBRARY = "libc++";
				CLANG_ENABLE_MODULES = YES;
				CLANG_ENABLE_OBJC_ARC = YES;
				CLANG_WARN_BOOL_CONVERSION = YES;
				CLANG_WARN_CONSTANT_CONVERSION = YES;
				CLANG_WARN_DIRECT_OBJC_ISA_USAGE = YES_ERROR;
				CLANG_WARN_DOCUMENTATION_COMMENTS = YES;
				CLANG_WARN_EMPTY_BODY = YES;
				CLANG_WARN_ENUM_CONVERSION = YES;
				CLANG_WARN_INFINITE_RECURSION = YES;
				CLANG_WARN_INT_CONVERSION = YES;
				CLANG_WARN_OBJC_ROOT_CLASS = YES_ERROR;
				CLANG_WARN_SUSPICIOUS_MOVE = YES;
				CLANG_WARN_UNREACHABLE_CODE = YES;
				CLANG_WARN__DUPLICATE_METHOD_MATCH = YES;
				"CODE_SIGN_IDENTITY[sdk=iphoneos*]" = "iPhone Developer";
				COPY_PHASE_STRIP = NO;
				DEBUG_INFORMATION_FORMAT = "dwarf-with-dsym";
				ENABLE_NS_ASSERTIONS = NO;
				ENABLE_STRICT_OBJC_MSGSEND = YES;
				GCC_C_LANGUAGE_STANDARD = gnu99;
				GCC_NO_COMMON_BLOCKS = YES;
				GCC_WARN_64_TO_32_BIT_CONVERSION = YES;
				GCC_WARN_ABOUT_RETURN_TYPE = YES_ERROR;
				GCC_WARN_UNDECLARED_SELECTOR = YES;
				GCC_WARN_UNINITIALIZED_AUTOS = YES_AGGRESSIVE;
				GCC_WARN_UNUSED_FUNCTION = YES;
				GCC_WARN_UNUSED_VARIABLE = YES;
				IPHONEOS_DEPLOYMENT_TARGET = 10.3;
				MTL_ENABLE_DEBUG_INFO = NO;
				SDKROOT = iphoneos;
				TARGETED_DEVICE_FAMILY = "1,2";
				VALIDATE_PRODUCT = YES;
			};
			name = Release;
		};
		F9B9A0011F09221A008047F4 /* Debug */ = {
			isa = XCBuildConfiguration;
			buildSettings = {
				ASSETCATALOG_COMPILER_APPICON_NAME = AppIcon;
				ASSETCATALOG_COMPILER_LAUNCHIMAGE_NAME = LaunchImage;
				DEVELOPMENT_TEAM = YPA8ZFWJMP;
				ENABLE_STRICT_OBJC_MSGSEND = NO;
				INFOPLIST_FILE = OC_Demo/Info.plist;
				IPHONEOS_DEPLOYMENT_TARGET = 8.0;
				LD_RUNPATH_SEARCH_PATHS = "$(inherited) @executable_path/Frameworks";
				PRODUCT_BUNDLE_IDENTIFIER = "SLL.OC-Demo";
				PRODUCT_NAME = "$(TARGET_NAME)";
			};
			name = Debug;
		};
		F9B9A0021F09221A008047F4 /* Release */ = {
			isa = XCBuildConfiguration;
			buildSettings = {
				ASSETCATALOG_COMPILER_APPICON_NAME = AppIcon;
				ASSETCATALOG_COMPILER_LAUNCHIMAGE_NAME = LaunchImage;
				DEVELOPMENT_TEAM = YPA8ZFWJMP;
				ENABLE_STRICT_OBJC_MSGSEND = NO;
				INFOPLIST_FILE = OC_Demo/Info.plist;
				IPHONEOS_DEPLOYMENT_TARGET = 8.0;
				LD_RUNPATH_SEARCH_PATHS = "$(inherited) @executable_path/Frameworks";
				PRODUCT_BUNDLE_IDENTIFIER = "SLL.OC-Demo";
				PRODUCT_NAME = "$(TARGET_NAME)";
			};
			name = Release;
		};
		F9B9A0041F09221A008047F4 /* Debug */ = {
			isa = XCBuildConfiguration;
			buildSettings = {
				BUNDLE_LOADER = "$(TEST_HOST)";
				DEVELOPMENT_TEAM = YPA8ZFWJMP;
				INFOPLIST_FILE = OC_DemoTests/Info.plist;
				LD_RUNPATH_SEARCH_PATHS = "$(inherited) @executable_path/Frameworks @loader_path/Frameworks";
				PRODUCT_BUNDLE_IDENTIFIER = "SLL.OC-DemoTests";
				PRODUCT_NAME = "$(TARGET_NAME)";
				TEST_HOST = "$(BUILT_PRODUCTS_DIR)/OC_Demo.app/OC_Demo";
			};
			name = Debug;
		};
		F9B9A0051F09221A008047F4 /* Release */ = {
			isa = XCBuildConfiguration;
			buildSettings = {
				BUNDLE_LOADER = "$(TEST_HOST)";
				DEVELOPMENT_TEAM = YPA8ZFWJMP;
				INFOPLIST_FILE = OC_DemoTests/Info.plist;
				LD_RUNPATH_SEARCH_PATHS = "$(inherited) @executable_path/Frameworks @loader_path/Frameworks";
				PRODUCT_BUNDLE_IDENTIFIER = "SLL.OC-DemoTests";
				PRODUCT_NAME = "$(TARGET_NAME)";
				TEST_HOST = "$(BUILT_PRODUCTS_DIR)/OC_Demo.app/OC_Demo";
			};
			name = Release;
		};
		F9B9A0071F09221A008047F4 /* Debug */ = {
			isa = XCBuildConfiguration;
			buildSettings = {
				DEVELOPMENT_TEAM = YPA8ZFWJMP;
				INFOPLIST_FILE = OC_DemoUITests/Info.plist;
				LD_RUNPATH_SEARCH_PATHS = "$(inherited) @executable_path/Frameworks @loader_path/Frameworks";
				PRODUCT_BUNDLE_IDENTIFIER = "SLL.OC-DemoUITests";
				PRODUCT_NAME = "$(TARGET_NAME)";
				TEST_TARGET_NAME = OC_Demo;
			};
			name = Debug;
		};
		F9B9A0081F09221A008047F4 /* Release */ = {
			isa = XCBuildConfiguration;
			buildSettings = {
				DEVELOPMENT_TEAM = YPA8ZFWJMP;
				INFOPLIST_FILE = OC_DemoUITests/Info.plist;
				LD_RUNPATH_SEARCH_PATHS = "$(inherited) @executable_path/Frameworks @loader_path/Frameworks";
				PRODUCT_BUNDLE_IDENTIFIER = "SLL.OC-DemoUITests";
				PRODUCT_NAME = "$(TARGET_NAME)";
				TEST_TARGET_NAME = OC_Demo;
			};
			name = Release;
		};
/* End XCBuildConfiguration section */

/* Begin XCConfigurationList section */
		F9B99FCB1F092218008047F4 /* Build configuration list for PBXProject "OC_Demo" */ = {
			isa = XCConfigurationList;
			buildConfigurations = (
				F9B99FFE1F09221A008047F4 /* Debug */,
				F9B99FFF1F09221A008047F4 /* Release */,
			);
			defaultConfigurationIsVisible = 0;
			defaultConfigurationName = Release;
		};
		F9B9A0001F09221A008047F4 /* Build configuration list for PBXNativeTarget "OC_Demo" */ = {
			isa = XCConfigurationList;
			buildConfigurations = (
				F9B9A0011F09221A008047F4 /* Debug */,
				F9B9A0021F09221A008047F4 /* Release */,
			);
			defaultConfigurationIsVisible = 0;
			defaultConfigurationName = Release;
		};
		F9B9A0031F09221A008047F4 /* Build configuration list for PBXNativeTarget "OC_DemoTests" */ = {
			isa = XCConfigurationList;
			buildConfigurations = (
				F9B9A0041F09221A008047F4 /* Debug */,
				F9B9A0051F09221A008047F4 /* Release */,
			);
			defaultConfigurationIsVisible = 0;
			defaultConfigurationName = Release;
		};
		F9B9A0061F09221A008047F4 /* Build configuration list for PBXNativeTarget "OC_DemoUITests" */ = {
			isa = XCConfigurationList;
			buildConfigurations = (
				F9B9A0071F09221A008047F4 /* Debug */,
				F9B9A0081F09221A008047F4 /* Release */,
			);
			defaultConfigurationIsVisible = 0;
			defaultConfigurationName = Release;
		};
/* End XCConfigurationList section */

/* Begin XCVersionGroup section */
		F9B99FDF1F092219008047F4 /* OC_Demo.xcdatamodeld */ = {
			isa = XCVersionGroup;
			children = (
				F9B99FE01F092219008047F4 /* OC_Demo.xcdatamodel */,
			);
			currentVersion = F9B99FE01F092219008047F4 /* OC_Demo.xcdatamodel */;
			path = OC_Demo.xcdatamodeld;
			sourceTree = "<group>";
			versionGroupType = wrapper.xcdatamodel;
		};
/* End XCVersionGroup section */
	};
	rootObject = F9B99FC81F092218008047F4 /* Project object */;
}
